
Microsoft Visual Studio Solution File, Format Version 12.00
# Visual Studio Version 16
VisualStudioVersion = 16.0.30907.101
MinimumVisualStudioVersion = 10.0.40219.1
Project("{888888A0-9F3D-457C-B088-3A5042F75D52}") = "ADProjectFlask", "ADProjectFlask\ADProjectFlask.pyproj", "{7466AE02-B84E-483E-AC4B-68CFDFCD49C4}"
EndProject
Global
	GlobalSection(SolutionConfigurationPlatforms) = preSolution
		Debug|Any CPU = Debug|Any CPU
		Release|Any CPU = Release|Any CPU
	EndGlobalSection
	GlobalSection(ProjectConfigurationPlatforms) = postSolution
		{7466AE02-B84E-483E-AC4B-68CFDFCD49C4}.Debug|Any CPU.ActiveCfg = Debug|Any CPU
		{7466AE02-B84E-483E-AC4B-68CFDFCD49C4}.Debug|Any CPU.Build.0 = Debug|Any CPU
		{7466AE02-B84E-483E-AC4B-68CFDFCD49C4}.Release|Any CPU.ActiveCfg = Release|Any CPU
		{7466AE02-B84E-483E-AC4B-68CFDFCD49C4}.Release|Any CPU.Build.0 = Release|Any CPU
	EndGlobalSection
	GlobalSection(SolutionProperties) = preSolution
		HideSolutionNode = FALSE
	EndGlobalSection
	GlobalSection(ExtensibilityGlobals) = postSolution
		SolutionGuid = {CC19914A-1535-4585-A0BC-166A91391C65}
	EndGlobalSection
EndGlobal
